# THIS IS AN AUTOGENERATED FILE. DO NOT EDIT THIS FILE DIRECTLY.
# yarn lockfile v1


"@types/chrome@^0.0.126":
  version "0.0.126"
  resolved "https://registry.yarnpkg.com/@types/chrome/-/chrome-0.0.126.tgz#f9f3436712f0c7c12ea9798abc9b95575ad7b23a"
  integrity sha512-191z7uoyfbGU+z7/m45j9XbWugWqVHVPMM4hJV5cZ+3YzGCT9wFjMUHO3Wr3Xvo8aVodvRNu28u7lvEaAnfbzg==
  dependencies:
    "@types/filesystem" "*"
    "@types/har-format" "*"

"@types/filesystem@*":
  version "0.0.29"
  resolved "https://registry.yarnpkg.com/@types/filesystem/-/filesystem-0.0.29.tgz#ee3748eb5be140dcf980c3bd35f11aec5f7a3748"
  integrity sha512-85/1KfRedmfPGsbK8YzeaQUyV1FQAvMPMTuWFQ5EkLd2w7szhNO96bk3Rh/SKmOfd9co2rCLf0Voy4o7ECBOvw==
  dependencies:
    "@types/filewriter" "*"

"@types/filewriter@*":
  version "0.0.28"
  resolved "https://registry.yarnpkg.com/@types/filewriter/-/filewriter-0.0.28.tgz#c054e8af4d9dd75db4e63abc76f885168714d4b3"
  integrity sha1-wFTor02d11205jq8dviFFocU1LM=

"@types/har-format@*":
  version "1.2.5"
  resolved "https://registry.yarnpkg.com/@types/har-format/-/har-format-1.2.5.tgz#4f6648814d0fdcb6a510e3364a9db439a753c4b1"
  integrity sha512-IG8AE1m2pWtPqQ7wXhFhy6Q59bwwnLwO36v5Rit2FrbXCIp8Sk8E2PfUCreyrdo17STwFSKDAkitVuVYbpEHvQ==

esbuild@^0.8.11:
  version "0.8.11"
  resolved "https://registry.yarnpkg.com/esbuild/-/esbuild-0.8.11.tgz#45b0066433463bb16e1bfef1cb7b2f8822de32fc"
  integrity sha512-PTBeZ71qh7/Dm/57Sd10VG9TMKQAUbM9W6WD59ZYV62dDA/2a1xybzWqR3X7zbtxyqtFfY1PhYtg85QV0mrXNg==
